// !$*UTF8*$!
{
	archiveVersion = 1;
	classes = {
	};
	objectVersion = 46;
	objects = {

/* Begin PBXBuildFile section */
		B57793DC1D7812CB00F92D7E /* AppDelegate.m in Sources */ = {isa = PBXBuildFile; fileRef = B57793D71D7812BA00F92D7E /* AppDelegate.m */; };
		B57793DD1D7812CB00F92D7E /* main.m in Sources */ = {isa = PBXBuildFile; fileRef = B57793D81D7812BA00F92D7E /* main.m */; };
		B57793DF1D7812EA00F92D7E /* Assets.xcassets in Resources */ = {isa = PBXBuildFile; fileRef = B57793DE1D7812EA00F92D7E /* Assets.xcassets */; };
		B57793E21D7812F300F92D7E /* MainMenu.xib in Resources */ = {isa = PBXBuildFile; fileRef = B57793E01D7812F300F92D7E /* MainMenu.xib */; };
		B57793E71D7814F200F92D7E /* AHCViewController.m in Sources */ = {isa = PBXBuildFile; fileRef = B57793E61D7814F200F92D7E /* AHCViewController.m */; };
		B57793EB1D78155500F92D7E /* AHCView.xib in Resources */ = {isa = PBXBuildFile; fileRef = B57793EA1D78155500F92D7E /* AHCView.xib */; };
		B57793EF1D78197200F92D7E /* AHCUserTableCellView.m in Sources */ = {isa = PBXBuildFile; fileRef = B57793EE1D78197200F92D7E /* AHCUserTableCellView.m */; };
		B57793F21D7819C900F92D7E /* AHCUserTableCellView.xib in Resources */ = {isa = PBXBuildFile; fileRef = B57793F11D7819C900F92D7E /* AHCUserTableCellView.xib */; };
		B57793F31D781B1200F92D7E /* libKSPAutomaticHeightCalculationTableCellView.dylib in Frameworks */ = {isa = PBXBuildFile; fileRef = B5CD03541BCBAC0C0072878A /* libKSPAutomaticHeightCalculationTableCellView.dylib */; };
		B57793F71D781C9500F92D7E /* AHCUser.m in Sources */ = {isa = PBXBuildFile; fileRef = B57793F61D781C9500F92D7E /* AHCUser.m */; };
		B5CD035E1BCBAC210072878A /* KSPAutomaticHeightCalculationTableCellView.m in Sources */ = {isa = PBXBuildFile; fileRef = B5B6330A1AA1DF9B00BBF084 /* KSPAutomaticHeightCalculationTableCellView.m */; };
		B5CD035F1BCBB0B00072878A /* KSPAutomaticHeightCalculationTableCellView.h in Headers */ = {isa = PBXBuildFile; fileRef = B5B633091AA1DF9B00BBF084 /* KSPAutomaticHeightCalculationTableCellView.h */; settings = {ATTRIBUTES = (Public, ); }; };
		B5CD03601BCBB1430072878A /* KSPAutomaticHeightCalculationTableCellView+Private.h in Headers */ = {isa = PBXBuildFile; fileRef = B5B6330C1AA1DF9B00BBF084 /* KSPAutomaticHeightCalculationTableCellView+Private.h */; settings = {ATTRIBUTES = (Private, ); }; };
/* End PBXBuildFile section */

/* Begin PBXFileReference section */
		B57793C41D78112700F92D7E /* Sample.app */ = {isa = PBXFileReference; explicitFileType = wrapper.application; includeInIndex = 0; path = Sample.app; sourceTree = BUILT_PRODUCTS_DIR; };
		B57793D61D7812BA00F92D7E /* AppDelegate.h */ = {isa = PBXFileReference; fileEncoding = 4; lastKnownFileType = sourcecode.c.h; name = AppDelegate.h; path = Sample/Sources/AppDelegate.h; sourceTree = "<group>"; };
		B57793D71D7812BA00F92D7E /* AppDelegate.m */ = {isa = PBXFileReference; fileEncoding = 4; lastKnownFileType = sourcecode.c.objc; name = AppDelegate.m; path = Sample/Sources/AppDelegate.m; sourceTree = "<group>"; };
		B57793D81D7812BA00F92D7E /* main.m */ = {isa = PBXFileReference; fileEncoding = 4; lastKnownFileType = sourcecode.c.objc; name = main.m; path = Sample/Sources/main.m; sourceTree = "<group>"; };
		B57793DE1D7812EA00F92D7E /* Assets.xcassets */ = {isa = PBXFileReference; lastKnownFileType = folder.assetcatalog; name = Assets.xcassets; path = Sample/Resources/Assets.xcassets; sourceTree = "<group>"; };
		B57793E11D7812F300F92D7E /* Base */ = {isa = PBXFileReference; lastKnownFileType = file.xib; name = Base; path = Sample/Resources/Base.lproj/MainMenu.xib; sourceTree = "<group>"; };
		B57793E31D78134900F92D7E /* Info.plist */ = {isa = PBXFileReference; fileEncoding = 4; lastKnownFileType = text.plist.xml; name = Info.plist; path = Sample/Resources/Info.plist; sourceTree = "<group>"; };
		B57793E51D7814F200F92D7E /* AHCViewController.h */ = {isa = PBXFileReference; fileEncoding = 4; lastKnownFileType = sourcecode.c.h; name = AHCViewController.h; path = Sample/Sources/AHCViewController.h; sourceTree = "<group>"; };
		B57793E61D7814F200F92D7E /* AHCViewController.m */ = {isa = PBXFileReference; fileEncoding = 4; lastKnownFileType = sourcecode.c.objc; name = AHCViewController.m; path = Sample/Sources/AHCViewController.m; sourceTree = "<group>"; };
		B57793E91D78152900F92D7E /* AHCViewController+Private.h */ = {isa = PBXFileReference; fileEncoding = 4; lastKnownFileType = sourcecode.c.h; name = "AHCViewController+Private.h"; path = "Sample/Sources/AHCViewController+Private.h"; sourceTree = "<group>"; };
		B57793EA1D78155500F92D7E /* AHCView.xib */ = {isa = PBXFileReference; fileEncoding = 4; lastKnownFileType = file.xib; name = AHCView.xib; path = Sample/Resources/AHCView.xib; sourceTree = "<group>"; };
		B57793ED1D78197200F92D7E /* AHCUserTableCellView.h */ = {isa = PBXFileReference; fileEncoding = 4; lastKnownFileType = sourcecode.c.h; name = AHCUserTableCellView.h; path = Sample/Sources/AHCUserTableCellView.h; sourceTree = "<group>"; };
		B57793EE1D78197200F92D7E /* AHCUserTableCellView.m */ = {isa = PBXFileReference; fileEncoding = 4; lastKnownFileType = sourcecode.c.objc; name = AHCUserTableCellView.m; path = Sample/Sources/AHCUserTableCellView.m; sourceTree = "<group>"; };
		B57793F01D7819A800F92D7E /* AHCUserTableCellView+Private.h */ = {isa = PBXFileReference; fileEncoding = 4; lastKnownFileType = sourcecode.c.h; name = "AHCUserTableCellView+Private.h"; path = "Sample/Sources/AHCUserTableCellView+Private.h"; sourceTree = "<group>"; };
		B57793F11D7819C900F92D7E /* AHCUserTableCellView.xib */ = {isa = PBXFileReference; fileEncoding = 4; lastKnownFileType = file.xib; name = AHCUserTableCellView.xib; path = Sample/Resources/AHCUserTableCellView.xib; sourceTree = "<group>"; };
		B57793F51D781C9500F92D7E /* AHCUser.h */ = {isa = PBXFileReference; fileEncoding = 4; lastKnownFileType = sourcecode.c.h; name = AHCUser.h; path = Sample/Sources/AHCUser.h; sourceTree = "<group>"; };
		B57793F61D781C9500F92D7E /* AHCUser.m */ = {isa = PBXFileReference; fileEncoding = 4; lastKnownFileType = sourcecode.c.objc; name = AHCUser.m; path = Sample/Sources/AHCUser.m; sourceTree = "<group>"; };
		B57793F81D781CAB00F92D7E /* AHCUser+Private.h */ = {isa = PBXFileReference; fileEncoding = 4; lastKnownFileType = sourcecode.c.h; name = "AHCUser+Private.h"; path = "Sample/Sources/AHCUser+Private.h"; sourceTree = "<group>"; };
		B5B633091AA1DF9B00BBF084 /* KSPAutomaticHeightCalculationTableCellView.h */ = {isa = PBXFileReference; lastKnownFileType = sourcecode.c.h; name = KSPAutomaticHeightCalculationTableCellView.h; path = Sources/KSPAutomaticHeightCalculationTableCellView.h; sourceTree = "<group>"; };
		B5B6330A1AA1DF9B00BBF084 /* KSPAutomaticHeightCalculationTableCellView.m */ = {isa = PBXFileReference; lastKnownFileType = sourcecode.c.objc; name = KSPAutomaticHeightCalculationTableCellView.m; path = Sources/KSPAutomaticHeightCalculationTableCellView.m; sourceTree = "<group>"; };
		B5B6330B1AA1DF9B00BBF084 /* KSPAutomaticHeightCalculationTableCellView.podspec */ = {isa = PBXFileReference; lastKnownFileType = text; path = KSPAutomaticHeightCalculationTableCellView.podspec; sourceTree = "<group>"; };
		B5B6330C1AA1DF9B00BBF084 /* KSPAutomaticHeightCalculationTableCellView+Private.h */ = {isa = PBXFileReference; lastKnownFileType = sourcecode.c.h; name = "KSPAutomaticHeightCalculationTableCellView+Private.h"; path = "Sources/KSPAutomaticHeightCalculationTableCellView+Private.h"; sourceTree = "<group>"; };
		B5B6330D1AA1DF9B00BBF084 /* LICENSE.md */ = {isa = PBXFileReference; lastKnownFileType = net.daringfireball.markdown; path = LICENSE.md; sourceTree = "<group>"; };
		B5B6330E1AA1DF9B00BBF084 /* README.md */ = {isa = PBXFileReference; lastKnownFileType = net.daringfireball.markdown; path = README.md; sourceTree = "<group>"; };
		B5CD03541BCBAC0C0072878A /* libKSPAutomaticHeightCalculationTableCellView.dylib */ = {isa = PBXFileReference; explicitFileType = "compiled.mach-o.dylib"; includeInIndex = 0; path = libKSPAutomaticHeightCalculationTableCellView.dylib; sourceTree = BUILT_PRODUCTS_DIR; };
/* End PBXFileReference section */

/* Begin PBXFrameworksBuildPhase section */
		B57793C11D78112700F92D7E /* Frameworks */ = {
			isa = PBXFrameworksBuildPhase;
			buildActionMask = 2147483647;
			files = (
				B57793F31D781B1200F92D7E /* libKSPAutomaticHeightCalculationTableCellView.dylib in Frameworks */,
			);
			runOnlyForDeploymentPostprocessing = 0;
		};
		B5CD03511BCBAC0C0072878A /* Frameworks */ = {
			isa = PBXFrameworksBuildPhase;
			buildActionMask = 2147483647;
			files = (
			);
			runOnlyForDeploymentPostprocessing = 0;
		};
/* End PBXFrameworksBuildPhase section */

/* Begin PBXGroup section */
		B57793C51D78112700F92D7E /* Sample */ = {
			isa = PBXGroup;
			children = (
			);
			path = Sample;
			sourceTree = "<group>";
		};
		B57793D51D78129500F92D7E /* Sample */ = {
			isa = PBXGroup;
			children = (
				B57793E81D78150B00F92D7E /* ViewController */,
				B57793D61D7812BA00F92D7E /* AppDelegate.h */,
				B57793D71D7812BA00F92D7E /* AppDelegate.m */,
				B57793D81D7812BA00F92D7E /* main.m */,
				B57793E31D78134900F92D7E /* Info.plist */,
				B57793E01D7812F300F92D7E /* MainMenu.xib */,
				B57793DE1D7812EA00F92D7E /* Assets.xcassets */,
			);
			name = Sample;
			sourceTree = "<group>";
		};
		B57793E81D78150B00F92D7E /* ViewController */ = {
			isa = PBXGroup;
			children = (
				B57793F41D781C6F00F92D7E /* User */,
				B57793EC1D78194900F92D7E /* UserTableCell */,
				B57793EA1D78155500F92D7E /* AHCView.xib */,
				B57793E51D7814F200F92D7E /* AHCViewController.h */,
				B57793E91D78152900F92D7E /* AHCViewController+Private.h */,
				B57793E61D7814F200F92D7E /* AHCViewController.m */,
			);
			name = ViewController;
			sourceTree = "<group>";
		};
		B57793EC1D78194900F92D7E /* UserTableCell */ = {
			isa = PBXGroup;
			children = (
				B57793F11D7819C900F92D7E /* AHCUserTableCellView.xib */,
				B57793ED1D78197200F92D7E /* AHCUserTableCellView.h */,
				B57793F01D7819A800F92D7E /* AHCUserTableCellView+Private.h */,
				B57793EE1D78197200F92D7E /* AHCUserTableCellView.m */,
			);
			name = UserTableCell;
			sourceTree = "<group>";
		};
		B57793F41D781C6F00F92D7E /* User */ = {
			isa = PBXGroup;
			children = (
				B57793F51D781C9500F92D7E /* AHCUser.h */,
				B57793F81D781CAB00F92D7E /* AHCUser+Private.h */,
				B57793F61D781C9500F92D7E /* AHCUser.m */,
			);
			name = User;
			sourceTree = "<group>";
		};
		B5B633011AA1DF4200BBF084 = {
			isa = PBXGroup;
			children = (
				B5B633081AA1DF6F00BBF084 /* KSPAutomaticHeightCalculationTableCellView */,
				B5B6330F1AA1DFAD00BBF084 /* Resources */,
				B57793D51D78129500F92D7E /* Sample */,
				B57793C51D78112700F92D7E /* Sample */,
				B5CD03551BCBAC0C0072878A /* Products */,
			);
			sourceTree = "<group>";
		};
		B5B633081AA1DF6F00BBF084 /* KSPAutomaticHeightCalculationTableCellView */ = {
			isa = PBXGroup;
			children = (
				B5B633091AA1DF9B00BBF084 /* KSPAutomaticHeightCalculationTableCellView.h */,
				B5B6330C1AA1DF9B00BBF084 /* KSPAutomaticHeightCalculationTableCellView+Private.h */,
				B5B6330A1AA1DF9B00BBF084 /* KSPAutomaticHeightCalculationTableCellView.m */,
			);
			name = KSPAutomaticHeightCalculationTableCellView;
			sourceTree = "<group>";
		};
		B5B6330F1AA1DFAD00BBF084 /* Resources */ = {
			isa = PBXGroup;
			children = (
				B5B6330B1AA1DF9B00BBF084 /* KSPAutomaticHeightCalculationTableCellView.podspec */,
				B5B6330E1AA1DF9B00BBF084 /* README.md */,
				B5B6330D1AA1DF9B00BBF084 /* LICENSE.md */,
			);
			name = Resources;
			sourceTree = "<group>";
		};
		B5CD03551BCBAC0C0072878A /* Products */ = {
			isa = PBXGroup;
			children = (
				B5CD03541BCBAC0C0072878A /* libKSPAutomaticHeightCalculationTableCellView.dylib */,
				B57793C41D78112700F92D7E /* Sample.app */,
			);
			name = Products;
			sourceTree = "<group>";
		};
/* End PBXGroup section */

/* Begin PBXHeadersBuildPhase section */
		B5CD03521BCBAC0C0072878A /* Headers */ = {
			isa = PBXHeadersBuildPhase;
			buildActionMask = 2147483647;
			files = (
				B5CD035F1BCBB0B00072878A /* KSPAutomaticHeightCalculationTableCellView.h in Headers */,
				B5CD03601BCBB1430072878A /* KSPAutomaticHeightCalculationTableCellView+Private.h in Headers */,
			);
			runOnlyForDeploymentPostprocessing = 0;
		};
/* End PBXHeadersBuildPhase section */

/* Begin PBXNativeTarget section */
		B57793C31D78112700F92D7E /* Sample */ = {
			isa = PBXNativeTarget;
			buildConfigurationList = B57793D41D78112800F92D7E /* Build configuration list for PBXNativeTarget "Sample" */;
			buildPhases = (
				B57793C01D78112700F92D7E /* Sources */,
				B57793C11D78112700F92D7E /* Frameworks */,
				B57793C21D78112700F92D7E /* Resources */,
			);
			buildRules = (
			);
			dependencies = (
			);
			name = Sample;
			productName = Sample;
			productReference = B57793C41D78112700F92D7E /* Sample.app */;
			productType = "com.apple.product-type.application";
		};
		B5CD03531BCBAC0C0072878A /* KSPAutomaticHeightCalculationTableCellView */ = {
			isa = PBXNativeTarget;
			buildConfigurationList = B5CD035B1BCBAC0C0072878A /* Build configuration list for PBXNativeTarget "KSPAutomaticHeightCalculationTableCellView" */;
			buildPhases = (
				B5CD03501BCBAC0C0072878A /* Sources */,
				B5CD03511BCBAC0C0072878A /* Frameworks */,
				B5CD03521BCBAC0C0072878A /* Headers */,
			);
			buildRules = (
			);
			dependencies = (
			);
			name = KSPAutomaticHeightCalculationTableCellView;
			productName = KSPAutomaticHeightCalculationTableCellView;
			productReference = B5CD03541BCBAC0C0072878A /* libKSPAutomaticHeightCalculationTableCellView.dylib */;
			productType = "com.apple.product-type.library.dynamic";
		};
/* End PBXNativeTarget section */

/* Begin PBXProject section */
		B5B633021AA1DF4200BBF084 /* Project object */ = {
			isa = PBXProject;
			attributes = {
				CLASSPREFIX = KSP;
				LastUpgradeCheck = 0700;
				ORGANIZATIONNAME = "Konstantin Pavlikhin";
				TargetAttributes = {
					B57793C31D78112700F92D7E = {
						CreatedOnToolsVersion = 7.3.1;
					};
					B5CD03531BCBAC0C0072878A = {
						CreatedOnToolsVersion = 7.0.1;
					};
				};
			};
			buildConfigurationList = B5B633051AA1DF4200BBF084 /* Build configuration list for PBXProject "KSPAutomaticHeightCalculationTableCellView" */;
			compatibilityVersion = "Xcode 3.2";
			developmentRegion = English;
			hasScannedForEncodings = 0;
			knownRegions = (
				en,
				Base,
			);
			mainGroup = B5B633011AA1DF4200BBF084;
			productRefGroup = B5CD03551BCBAC0C0072878A /* Products */;
			projectDirPath = "";
			projectRoot = "";
			targets = (
				B5CD03531BCBAC0C0072878A /* KSPAutomaticHeightCalculationTableCellView */,
				B57793C31D78112700F92D7E /* Sample */,
			);
		};
/* End PBXProject section */

/* Begin PBXResourcesBuildPhase section */
		B57793C21D78112700F92D7E /* Resources */ = {
			isa = PBXResourcesBuildPhase;
			buildActionMask = 2147483647;
			files = (
				B57793DF1D7812EA00F92D7E /* Assets.xcassets in Resources */,
				B57793EB1D78155500F92D7E /* AHCView.xib in Resources */,
				B57793E21D7812F300F92D7E /* MainMenu.xib in Resources */,
				B57793F21D7819C900F92D7E /* AHCUserTableCellView.xib in Resources */,
			);
			runOnlyForDeploymentPostprocessing = 0;
		};
/* End PBXResourcesBuildPhase section */

/* Begin PBXSourcesBuildPhase section */
		B57793C01D78112700F92D7E /* Sources */ = {
			isa = PBXSourcesBuildPhase;
			buildActionMask = 2147483647;
			files = (
				B57793DD1D7812CB00F92D7E /* main.m in Sources */,
				B57793E71D7814F200F92D7E /* AHCViewController.m in Sources */,
				B57793DC1D7812CB00F92D7E /* AppDelegate.m in Sources */,
				B57793F71D781C9500F92D7E /* AHCUser.m in Sources */,
				B57793EF1D78197200F92D7E /* AHCUserTableCellView.m in Sources */,
			);
			runOnlyForDeploymentPostprocessing = 0;
		};
		B5CD03501BCBAC0C0072878A /* Sources */ = {
			isa = PBXSourcesBuildPhase;
			buildActionMask = 2147483647;
			files = (
				B5CD035E1BCBAC210072878A /* KSPAutomaticHeightCalculationTableCellView.m in Sources */,
			);
			runOnlyForDeploymentPostprocessing = 0;
		};
/* End PBXSourcesBuildPhase section */

/* Begin PBXVariantGroup section */
		B57793E01D7812F300F92D7E /* MainMenu.xib */ = {
			isa = PBXVariantGroup;
			children = (
				B57793E11D7812F300F92D7E /* Base */,
			);
			name = MainMenu.xib;
			sourceTree = "<group>";
		};
/* End PBXVariantGroup section */

/* Begin XCBuildConfiguration section */
		B57793D21D78112800F92D7E /* Debug */ = {
			isa = XCBuildConfiguration;
			buildSettings = {
				ALWAYS_SEARCH_USER_PATHS = NO;
				ASSETCATALOG_COMPILER_APPICON_NAME = AppIcon;
				CLANG_ANALYZER_NONNULL = YES;
				CLANG_CXX_LANGUAGE_STANDARD = "gnu++0x";
				CLANG_CXX_LIBRARY = "libc++";
				CLANG_ENABLE_MODULES = YES;
				CLANG_ENABLE_OBJC_ARC = YES;
				CLANG_WARN_BOOL_CONVERSION = YES;
				CLANG_WARN_CONSTANT_CONVERSION = YES;
				CLANG_WARN_DIRECT_OBJC_ISA_USAGE = YES_ERROR;
				CLANG_WARN_EMPTY_BODY = YES;
				CLANG_WARN_ENUM_CONVERSION = YES;
				CLANG_WARN_INT_CONVERSION = YES;
				CLANG_WARN_OBJC_ROOT_CLASS = YES_ERROR;
				CLANG_WARN_UNREACHABLE_CODE = YES;
				CLANG_WARN__DUPLICATE_METHOD_MATCH = YES;
				CODE_SIGN_IDENTITY = "-";
				COMBINE_HIDPI_IMAGES = YES;
				COPY_PHASE_STRIP = NO;
				DEBUG_INFORMATION_FORMAT = dwarf;
				ENABLE_STRICT_OBJC_MSGSEND = YES;
				GCC_C_LANGUAGE_STANDARD = gnu99;
				GCC_DYNAMIC_NO_PIC = NO;
				GCC_NO_COMMON_BLOCKS = YES;
				GCC_OPTIMIZATION_LEVEL = 0;
				GCC_PREPROCESSOR_DEFINITIONS = (
					"DEBUG=1",
					"$(inherited)",
				);
				GCC_WARN_64_TO_32_BIT_CONVERSION = YES;
				GCC_WARN_ABOUT_RETURN_TYPE = YES_ERROR;
				GCC_WARN_UNDECLARED_SELECTOR = YES;
				GCC_WARN_UNINITIALIZED_AUTOS = YES_AGGRESSIVE;
				GCC_WARN_UNUSED_FUNCTION = YES;
				GCC_WARN_UNUSED_VARIABLE = YES;
				INFOPLIST_FILE = Sample/Resources/Info.plist;
				LD_RUNPATH_SEARCH_PATHS = "$(inherited) @executable_path/../Frameworks";
				MACOSX_DEPLOYMENT_TARGET = 10.11;
				MTL_ENABLE_DEBUG_INFO = YES;
				PRODUCT_BUNDLE_IDENTIFIER = com.konstantinpavlikhin.Sample;
				PRODUCT_NAME = "$(TARGET_NAME)";
				SDKROOT = macosx;
			};
			name = Debug;
		};
		B57793D31D78112800F92D7E /* Release */ = {
			isa = XCBuildConfiguration;
			buildSettings = {
				ALWAYS_SEARCH_USER_PATHS = NO;
				ASSETCATALOG_COMPILER_APPICON_NAME = AppIcon;
				CLANG_ANALYZER_NONNULL = YES;
				CLANG_CXX_LANGUAGE_STANDARD = "gnu++0x";
				CLANG_CXX_LIBRARY = "libc++";
				CLANG_ENABLE_MODULES = YES;
				CLANG_ENABLE_OBJC_ARC = YES;
				CLANG_WARN_BOOL_CONVERSION = YES;
				CLANG_WARN_CONSTANT_CONVERSION = YES;
				CLANG_WARN_DIRECT_OBJC_ISA_USAGE = YES_ERROR;
				CLANG_WARN_EMPTY_BODY = YES;
				CLANG_WARN_ENUM_CONVERSION = YES;
				CLANG_WARN_INT_CONVERSION = YES;
				CLANG_WARN_OBJC_ROOT_CLASS = YES_ERROR;
				CLANG_WARN_UNREACHABLE_CODE = YES;
				CLANG_WARN__DUPLICATE_METHOD_MATCH = YES;
				CODE_SIGN_IDENTITY = "-";
				COMBINE_HIDPI_IMAGES = YES;
				COPY_PHASE_STRIP = NO;
				DEBUG_INFORMATION_FORMAT = "dwarf-with-dsym";
				ENABLE_NS_ASSERTIONS = NO;
				ENABLE_STRICT_OBJC_MSGSEND = YES;
				GCC_C_LANGUAGE_STANDARD = gnu99;
				GCC_NO_COMMON_BLOCKS = YES;
				GCC_WARN_64_TO_32_BIT_CONVERSION = YES;
				GCC_WARN_ABOUT_RETURN_TYPE = YES_ERROR;
				GCC_WARN_UNDECLARED_SELECTOR = YES;
				GCC_WARN_UNINITIALIZED_AUTOS = YES_AGGRESSIVE;
				GCC_WARN_UNUSED_FUNCTION = YES;
				GCC_WARN_UNUSED_VARIABLE = YES;
				INFOPLIST_FILE = Sample/Resources/Info.plist;
				LD_RUNPATH_SEARCH_PATHS = "$(inherited) @executable_path/../Frameworks";
				MACOSX_DEPLOYMENT_TARGET = 10.11;
				MTL_ENABLE_DEBUG_INFO = NO;
				PRODUCT_BUNDLE_IDENTIFIER = com.konstantinpavlikhin.Sample;
				PRODUCT_NAME = "$(TARGET_NAME)";
				SDKROOT = macosx;
			};
			name = Release;
		};
		B5B633061AA1DF4200BBF084 /* Debug */ = {
			isa = XCBuildConfiguration;
			buildSettings = {
				ENABLE_TESTABILITY = YES;
				ONLY_ACTIVE_ARCH = YES;
			};
			name = Debug;
		};
		B5B633071AA1DF4200BBF084 /* Release */ = {
			isa = XCBuildConfiguration;
			buildSettings = {
			};
			name = Release;
		};
		B5CD035C1BCBAC0C0072878A /* Debug */ = {
			isa = XCBuildConfiguration;
			buildSettings = {
				ALWAYS_SEARCH_USER_PATHS = NO;
				CLANG_CXX_LANGUAGE_STANDARD = "gnu++0x";
				CLANG_CXX_LIBRARY = "libc++";
				CLANG_ENABLE_MODULES = YES;
				CLANG_ENABLE_OBJC_ARC = YES;
				CLANG_WARN_BOOL_CONVERSION = YES;
				CLANG_WARN_CONSTANT_CONVERSION = YES;
				CLANG_WARN_DIRECT_OBJC_ISA_USAGE = YES_ERROR;
				CLANG_WARN_EMPTY_BODY = YES;
				CLANG_WARN_ENUM_CONVERSION = YES;
				CLANG_WARN_INT_CONVERSION = YES;
				CLANG_WARN_OBJC_ROOT_CLASS = YES_ERROR;
				CLANG_WARN_UNREACHABLE_CODE = YES;
				CLANG_WARN__DUPLICATE_METHOD_MATCH = YES;
				COPY_PHASE_STRIP = NO;
				DEBUG_INFORMATION_FORMAT = dwarf;
				DYLIB_COMPATIBILITY_VERSION = 1;
				DYLIB_CURRENT_VERSION = 1;
				ENABLE_STRICT_OBJC_MSGSEND = YES;
				EXECUTABLE_PREFIX = lib;
				GCC_C_LANGUAGE_STANDARD = gnu99;
				GCC_DYNAMIC_NO_PIC = NO;
				GCC_NO_COMMON_BLOCKS = YES;
				GCC_OPTIMIZATION_LEVEL = 0;
				GCC_PREPROCESSOR_DEFINITIONS = (
					"DEBUG=1",
					"$(inherited)",
				);
				GCC_WARN_64_TO_32_BIT_CONVERSION = YES;
				GCC_WARN_ABOUT_RETURN_TYPE = YES_ERROR;
				GCC_WARN_UNDECLARED_SELECTOR = YES;
				GCC_WARN_UNINITIALIZED_AUTOS = YES_AGGRESSIVE;
				GCC_WARN_UNUSED_FUNCTION = YES;
				GCC_WARN_UNUSED_VARIABLE = YES;
				MACOSX_DEPLOYMENT_TARGET = 10.11;
				MTL_ENABLE_DEBUG_INFO = YES;
				PRODUCT_NAME = "$(TARGET_NAME)";
				SDKROOT = macosx;
			};
			name = Debug;
		};
		B5CD035D1BCBAC0C0072878A /* Release */ = {
			isa = XCBuildConfiguration;
			buildSettings = {
				ALWAYS_SEARCH_USER_PATHS = NO;
				CLANG_CXX_LANGUAGE_STANDARD = "gnu++0x";
				CLANG_CXX_LIBRARY = "libc++";
				CLANG_ENABLE_MODULES = YES;
				CLANG_ENABLE_OBJC_ARC = YES;
				CLANG_WARN_BOOL_CONVERSION = YES;
				CLANG_WARN_CONSTANT_CONVERSION = YES;
				CLANG_WARN_DIRECT_OBJC_ISA_USAGE = YES_ERROR;
				CLANG_WARN_EMPTY_BODY = YES;
				CLANG_WARN_ENUM_CONVERSION = YES;
				CLANG_WARN_INT_CONVERSION = YES;
				CLANG_WARN_OBJC_ROOT_CLASS = YES_ERROR;
				CLANG_WARN_UNREACHABLE_CODE = YES;
				CLANG_WARN__DUPLICATE_METHOD_MATCH = YES;
				COPY_PHASE_STRIP = NO;
				DEBUG_INFORMATION_FORMAT = "dwarf-with-dsym";
				DYLIB_COMPATIBILITY_VERSION = 1;
				DYLIB_CURRENT_VERSION = 1;
				ENABLE_NS_ASSERTIONS = NO;
				ENABLE_STRICT_OBJC_MSGSEND = YES;
				EXECUTABLE_PREFIX = lib;
				GCC_C_LANGUAGE_STANDARD = gnu99;
				GCC_NO_COMMON_BLOCKS = YES;
				GCC_WARN_64_TO_32_BIT_CONVERSION = YES;
				GCC_WARN_ABOUT_RETURN_TYPE = YES_ERROR;
				GCC_WARN_UNDECLARED_SELECTOR = YES;
				GCC_WARN_UNINITIALIZED_AUTOS = YES_AGGRESSIVE;
				GCC_WARN_UNUSED_FUNCTION = YES;
				GCC_WARN_UNUSED_VARIABLE = YES;
				MACOSX_DEPLOYMENT_TARGET = 10.11;
				MTL_ENABLE_DEBUG_INFO = NO;
				PRODUCT_NAME = "$(TARGET_NAME)";
				SDKROOT = macosx;
			};
			name = Release;
		};
/* End XCBuildConfiguration section */

/* Begin XCConfigurationList section */
		B57793D41D78112800F92D7E /* Build configuration list for PBXNativeTarget "Sample" */ = {
			isa = XCConfigurationList;
			buildConfigurations = (
				B57793D21D78112800F92D7E /* Debug */,
				B57793D31D78112800F92D7E /* Release */,
			);
			defaultConfigurationIsVisible = 0;
		};
		B5B633051AA1DF4200BBF084 /* Build configuration list for PBXProject "KSPAutomaticHeightCalculationTableCellView" */ = {
			isa = XCConfigurationList;
			buildConfigurations = (
				B5B633061AA1DF4200BBF084 /* Debug */,
				B5B633071AA1DF4200BBF084 /* Release */,
			);
			defaultConfigurationIsVisible = 0;
			defaultConfigurationName = Release;
		};
		B5CD035B1BCBAC0C0072878A /* Build configuration list for PBXNativeTarget "KSPAutomaticHeightCalculationTableCellView" */ = {
			isa = XCConfigurationList;
			buildConfigurations = (
				B5CD035C1BCBAC0C0072878A /* Debug */,
				B5CD035D1BCBAC0C0072878A /* Release */,
			);
			defaultConfigurationIsVisible = 0;
			defaultConfigurationName = Release;
		};
/* End XCConfigurationList section */
	};
	rootObject = B5B633021AA1DF4200BBF084 /* Project object */;
}
